<?xml version="1.0" encoding="utf-8"?>
<Project ToolsVersion="4.0" xmlns="http://schemas.microsoft.com/developer/msbuild/2003">
  <ItemGroup>
    <Filter Include="win32">
      <UniqueIdentifier>{84a8ebd7-7cf0-47f6-b75e-d441df67da40}</UniqueIdentifier>
    </Filter>
    <Filter Include="resource">
      <UniqueIdentifier>{715254bc-d70b-4ec5-bf29-467dd3ace079}</UniqueIdentifier>
    </Filter>
    <Filter Include="src">
      <UniqueIdentifier>{bb6c862e-70e9-49d9-81b7-3829a6f50471}</UniqueIdentifier>
    </Filter>
    <Filter Include="src\Layer">
      <UniqueIdentifier>{0647e1f6-6c07-4284-b9cd-3d10c67862de}</UniqueIdentifier>
    </Filter>
    <Filter Include="src\Entity">
      <UniqueIdentifier>{87498f17-60ce-486e-b54d-f58e77aa03a3}</UniqueIdentifier>
    </Filter>
    <Filter Include="src\Entity\Zombie">
      <UniqueIdentifier>{a6f50c60-35ad-47c4-bf1e-4d1a37aad8d4}</UniqueIdentifier>
    </Filter>
    <Filter Include="src\Entity\Plants">
      <UniqueIdentifier>{094ab267-5adb-49d2-8145-2fadbd928871}</UniqueIdentifier>
    </Filter>
    <Filter Include="src\Entity\Map">
      <UniqueIdentifier>{b4c4d4b8-3099-4358-8ffb-1067943456d8}</UniqueIdentifier>
    </Filter>
    <Filter Include="src\Entity\Bullets">
      <UniqueIdentifier>{eb33475d-b5ab-418c-9e33-7f9aadd634af}</UniqueIdentifier>
    </Filter>
  </ItemGroup>
  <ItemGroup>
    <ClCompile Include="main.cpp">
      <Filter>win32</Filter>
    </ClCompile>
    <ClCompile Include="..\Classes\AppDelegate.cpp">
      <Filter>src</Filter>
    </ClCompile>
    <ClCompile Include="..\Classes\Zombie.cpp">
      <Filter>src\Entity\Zombie</Filter>
    </ClCompile>
    <ClCompile Include="..\Classes\ZombieEquipment.cpp">
      <Filter>src\Entity\Zombie</Filter>
    </ClCompile>
    <ClCompile Include="..\Classes\RoadblockZombie.cpp">
      <Filter>src\Entity\Zombie</Filter>
    </ClCompile>
    <ClCompile Include="..\Classes\Roadblock.cpp">
      <Filter>src\Entity\Zombie</Filter>
    </ClCompile>
    <ClCompile Include="..\Classes\BasicZombie.cpp">
      <Filter>src\Entity\Zombie</Filter>
    </ClCompile>
    <ClCompile Include="..\Classes\Bullet.cpp">
      <Filter>src\Entity\Bullets</Filter>
    </ClCompile>
    <ClCompile Include="..\Classes\Chomper.cpp">
      <Filter>src\Entity\Plants</Filter>
    </ClCompile>
    <ClCompile Include="..\Classes\Cushaw.cpp">
      <Filter>src\Entity\Plants</Filter>
    </ClCompile>
    <ClCompile Include="..\Classes\Doom_shroom.cpp">
      <Filter>src\Entity\Plants</Filter>
    </ClCompile>
    <ClCompile Include="..\Classes\DoubleBullet.cpp">
      <Filter>src\Entity\Bullets</Filter>
    </ClCompile>
    <ClCompile Include="..\Classes\DoublePeaShooter.cpp">
      <Filter>src\Entity\Plants</Filter>
    </ClCompile>
    <ClCompile Include="..\Classes\iceCabbage.cpp">
      <Filter>src\Entity\Plants</Filter>
    </ClCompile>
    <ClCompile Include="..\Classes\IceBullet.cpp">
      <Filter>src\Entity\Bullets</Filter>
    </ClCompile>
    <ClCompile Include="..\Classes\Lancer.cpp">
      <Filter>src\Entity\Plants</Filter>
    </ClCompile>
    <ClCompile Include="..\Classes\JannuDaruku.cpp">
      <Filter>src\Entity\Plants</Filter>
    </ClCompile>
    <ClCompile Include="..\Classes\IceShooter.cpp">
      <Filter>src\Entity\Plants</Filter>
    </ClCompile>
    <ClCompile Include="..\Classes\Landslock.cpp">
      <Filter>src\Entity\Plants</Filter>
    </ClCompile>
    <ClCompile Include="..\Classes\Lucker.cpp">
      <Filter>src\Entity\Plants</Filter>
    </ClCompile>
    <ClCompile Include="..\Classes\Melancholy.cpp">
      <Filter>src\Entity\Plants</Filter>
    </ClCompile>
    <ClCompile Include="..\Classes\Mushroom.cpp">
      <Filter>src\Entity\Plants</Filter>
    </ClCompile>
    <ClCompile Include="..\Classes\MelancholyBullet.cpp">
      <Filter>src\Entity\Bullets</Filter>
    </ClCompile>
    <ClCompile Include="..\Classes\MushroomBullet.cpp">
      <Filter>src\Entity\Bullets</Filter>
    </ClCompile>
    <ClCompile Include="..\Classes\FireBullet.cpp">
      <Filter>src\Entity\Bullets</Filter>
    </ClCompile>
    <ClCompile Include="..\Classes\Nut.cpp">
      <Filter>src\Entity\Plants</Filter>
    </ClCompile>
    <ClCompile Include="..\Classes\NutPlus.cpp">
      <Filter>src\Entity\Plants</Filter>
    </ClCompile>
    <ClCompile Include="..\Classes\Paul.cpp">
      <Filter>src\Entity\Plants</Filter>
    </ClCompile>
    <ClCompile Include="..\Classes\PeaShooter.cpp">
      <Filter>src\Entity\Plants</Filter>
    </ClCompile>
    <ClCompile Include="..\Classes\Plants.cpp">
      <Filter>src\Entity\Plants</Filter>
    </ClCompile>
    <ClCompile Include="..\Classes\PotatoMine.cpp">
      <Filter>src\Entity\Plants</Filter>
    </ClCompile>
    <ClCompile Include="..\Classes\Pumpkin.cpp">
      <Filter>src\Entity\Plants</Filter>
    </ClCompile>
    <ClCompile Include="..\Classes\riceShooter.cpp">
      <Filter>src\Entity\Plants</Filter>
    </ClCompile>
    <ClCompile Include="..\Classes\Sunflower.cpp">
      <Filter>src\Entity\Plants</Filter>
    </ClCompile>
    <ClCompile Include="..\Classes\StarShooter.cpp">
      <Filter>src\Entity\Plants</Filter>
    </ClCompile>
    <ClCompile Include="..\Classes\PaulBullet.cpp">
      <Filter>src\Entity\Bullets</Filter>
    </ClCompile>
    <ClCompile Include="..\Classes\PeaBullet.cpp">
      <Filter>src\Entity\Bullets</Filter>
    </ClCompile>
    <ClCompile Include="..\Classes\PeaBulletPlus.cpp">
      <Filter>src\Entity\Bullets</Filter>
    </ClCompile>
    <ClCompile Include="..\Classes\riceBullet.cpp">
      <Filter>src\Entity\Bullets</Filter>
    </ClCompile>
    <ClCompile Include="..\Classes\PotatoBullet.cpp">
      <Filter>src\Entity\Bullets</Filter>
    </ClCompile>
    <ClCompile Include="..\Classes\TripleShooter.cpp">
      <Filter>src\Entity\Plants</Filter>
    </ClCompile>
    <ClCompile Include="..\Classes\Weeds.cpp">
      <Filter>src\Entity\Plants</Filter>
    </ClCompile>
    <ClCompile Include="..\Classes\TrackBullet.cpp">
      <Filter>src\Entity\Bullets</Filter>
    </ClCompile>
    <ClCompile Include="..\Classes\TripleBullet.cpp">
      <Filter>src\Entity\Bullets</Filter>
    </ClCompile>
    <ClCompile Include="..\Classes\Torch.cpp">
      <Filter>src\Entity\Plants</Filter>
    </ClCompile>
    <ClCompile Include="..\Classes\PlantStatus.cpp">
      <Filter>src\Entity\Map</Filter>
    </ClCompile>
    <ClCompile Include="..\Classes\Global.cpp">
      <Filter>src\Entity\Map</Filter>
    </ClCompile>
    <ClCompile Include="..\Classes\Background.cpp">
      <Filter>src\Entity\Map</Filter>
    </ClCompile>
    <ClCompile Include="..\Classes\HelloWorldScene.cpp">
      <Filter>src\Entity\Map</Filter>
    </ClCompile>
    <ClCompile Include="..\Classes\test.cpp">
      <Filter>src\Entity\Map</Filter>
    </ClCompile>
    <ClCompile Include="..\Classes\EntityLayer.cpp">
      <Filter>src\Layer</Filter>
    </ClCompile>
    <ClCompile Include="..\Classes\Entity.cpp">
      <Filter>src\Entity</Filter>
    </ClCompile>
    <ClCompile Include="..\Classes\LancerGun.cpp">
      <Filter>src\Entity\Bullets</Filter>
    </ClCompile>
    <ClCompile Include="..\Classes\HeroLucker.cpp">
      <Filter>src\Entity\Plants</Filter>
    </ClCompile>
    <ClCompile Include="..\Classes\HeroLuckerBullet.cpp">
      <Filter>src\Entity\Bullets</Filter>
    </ClCompile>
    <ClCompile Include="..\Classes\Shovel.cpp">
      <Filter>src\Entity\Plants</Filter>
    </ClCompile>
    <ClCompile Include="..\Classes\Lotus.cpp">
      <Filter>src\Entity\Plants</Filter>
    </ClCompile>
  </ItemGroup>
  <ItemGroup>
    <ClInclude Include="main.h">
      <Filter>win32</Filter>
    </ClInclude>
    <ClInclude Include="..\Classes\AppDelegate.h">
      <Filter>src</Filter>
    </ClInclude>
    <ClInclude Include="..\Classes\Zombie.h">
      <Filter>src\Entity\Zombie</Filter>
    </ClInclude>
    <ClInclude Include="..\Classes\ZombieEquipment.h">
      <Filter>src\Entity\Zombie</Filter>
    </ClInclude>
    <ClInclude Include="..\Classes\RoadblockZombie.h">
      <Filter>src\Entity\Zombie</Filter>
    </ClInclude>
    <ClInclude Include="..\Classes\Roadblock.h">
      <Filter>src\Entity\Zombie</Filter>
    </ClInclude>
    <ClInclude Include="..\Classes\BasicZombie.h">
      <Filter>src\Entity\Zombie</Filter>
    </ClInclude>
    <ClInclude Include="..\Classes\Chomper.h">
      <Filter>src\Entity\Plants</Filter>
    </ClInclude>
    <ClInclude Include="..\Classes\Cushaw.h">
      <Filter>src\Entity\Plants</Filter>
    </ClInclude>
    <ClInclude Include="..\Classes\DoubleBullet.h">
      <Filter>src\Entity\Bullets</Filter>
    </ClInclude>
    <ClInclude Include="..\Classes\DoublePeaShooter.h">
      <Filter>src\Entity\Plants</Filter>
    </ClInclude>
    <ClInclude Include="..\Classes\iceCabbage.h">
      <Filter>src\Entity\Plants</Filter>
    </ClInclude>
    <ClInclude Include="..\Classes\Bullet.h">
      <Filter>src\Entity\Bullets</Filter>
    </ClInclude>
    <ClInclude Include="..\Classes\IceBullet.h">
      <Filter>src\Entity\Bullets</Filter>
    </ClInclude>
    <ClInclude Include="..\Classes\Lancer.h">
      <Filter>src\Entity\Plants</Filter>
    </ClInclude>
    <ClInclude Include="..\Classes\JannuDaruku.h">
      <Filter>src\Entity\Plants</Filter>
    </ClInclude>
    <ClInclude Include="..\Classes\IceShooter.h">
      <Filter>src\Entity\Plants</Filter>
    </ClInclude>
    <ClInclude Include="..\Classes\Landslock.h">
      <Filter>src\Entity\Plants</Filter>
    </ClInclude>
    <ClInclude Include="..\Classes\Lucker.h">
      <Filter>src\Entity\Plants</Filter>
    </ClInclude>
    <ClInclude Include="..\Classes\Melancholy.h">
      <Filter>src\Entity\Plants</Filter>
    </ClInclude>
    <ClInclude Include="..\Classes\Doom_shroom.h">
      <Filter>src\Entity\Plants</Filter>
    </ClInclude>
    <ClInclude Include="..\Classes\Mushroom.h">
      <Filter>src\Entity\Plants</Filter>
    </ClInclude>
    <ClInclude Include="..\Classes\MelancholyBullet.h">
      <Filter>src\Entity\Bullets</Filter>
    </ClInclude>
    <ClInclude Include="..\Classes\MushroomBullet.h">
      <Filter>src\Entity\Bullets</Filter>
    </ClInclude>
    <ClInclude Include="..\Classes\FireBullet.h">
      <Filter>src\Entity\Bullets</Filter>
    </ClInclude>
    <ClInclude Include="..\Classes\Nut.h">
      <Filter>src\Entity\Plants</Filter>
    </ClInclude>
    <ClInclude Include="..\Classes\NutPlus.h">
      <Filter>src\Entity\Plants</Filter>
    </ClInclude>
    <ClInclude Include="..\Classes\Paul.h">
      <Filter>src\Entity\Plants</Filter>
    </ClInclude>
    <ClInclude Include="..\Classes\PeaShooter.h">
      <Filter>src\Entity\Plants</Filter>
    </ClInclude>
    <ClInclude Include="..\Classes\Plants.h">
      <Filter>src\Entity\Plants</Filter>
    </ClInclude>
    <ClInclude Include="..\Classes\PotatoMine.h">
      <Filter>src\Entity\Plants</Filter>
    </ClInclude>
    <ClInclude Include="..\Classes\Pumpkin.h">
      <Filter>src\Entity\Plants</Filter>
    </ClInclude>
    <ClInclude Include="..\Classes\riceShooter.h">
      <Filter>src\Entity\Plants</Filter>
    </ClInclude>
    <ClInclude Include="..\Classes\Sunflower.h">
      <Filter>src\Entity\Plants</Filter>
    </ClInclude>
    <ClInclude Include="..\Classes\StarShooter.h">
      <Filter>src\Entity\Plants</Filter>
    </ClInclude>
    <ClInclude Include="..\Classes\PaulBullet.h">
      <Filter>src\Entity\Bullets</Filter>
    </ClInclude>
    <ClInclude Include="..\Classes\PeaBullet.h">
      <Filter>src\Entity\Bullets</Filter>
    </ClInclude>
    <ClInclude Include="..\Classes\PeaBulletPlus.h">
      <Filter>src\Entity\Bullets</Filter>
    </ClInclude>
    <ClInclude Include="..\Classes\PotatoBullet.h">
      <Filter>src\Entity\Bullets</Filter>
    </ClInclude>
    <ClInclude Include="..\Classes\riceBullet.h">
      <Filter>src\Entity\Bullets</Filter>
    </ClInclude>
    <ClInclude Include="..\Classes\TripleShooter.h">
      <Filter>src\Entity\Plants</Filter>
    </ClInclude>
    <ClInclude Include="..\Classes\Weeds.h">
      <Filter>src\Entity\Plants</Filter>
    </ClInclude>
    <ClInclude Include="..\Classes\TrackBullet.h">
      <Filter>src\Entity\Bullets</Filter>
    </ClInclude>
    <ClInclude Include="..\Classes\TripleBullet.h">
      <Filter>src\Entity\Bullets</Filter>
    </ClInclude>
    <ClInclude Include="..\Classes\Torch.h">
      <Filter>src\Entity\Plants</Filter>
    </ClInclude>
    <ClInclude Include="..\Classes\PlantStatus.h">
      <Filter>src\Entity\Map</Filter>
    </ClInclude>
    <ClInclude Include="..\Classes\Global.h">
      <Filter>src\Entity\Map</Filter>
    </ClInclude>
    <ClInclude Include="..\Classes\Card.h">
      <Filter>src\Entity\Map</Filter>
    </ClInclude>
    <ClInclude Include="..\Classes\Background.h">
      <Filter>src\Entity\Map</Filter>
    </ClInclude>
    <ClInclude Include="..\Classes\HelloWorldScene.h">
      <Filter>src\Entity\Map</Filter>
    </ClInclude>
    <ClInclude Include="..\Classes\test.h">
      <Filter>src\Entity\Map</Filter>
    </ClInclude>
    <ClInclude Include="..\Classes\EntityLayer.h">
      <Filter>src\Layer</Filter>
    </ClInclude>
    <ClInclude Include="..\Classes\Entity.h">
      <Filter>src\Entity</Filter>
    </ClInclude>
    <ClInclude Include="..\Classes\ZombieCard.h">
      <Filter>src\Entity\Map</Filter>
    </ClInclude>
    <ClInclude Include="..\Classes\LancerGun.h">
      <Filter>src\Entity\Bullets</Filter>
    </ClInclude>
    <ClInclude Include="..\Classes\HeroLucker.h">
      <Filter>src\Entity\Plants</Filter>
    </ClInclude>
    <ClInclude Include="..\Classes\HeroLuckerBullet.h">
      <Filter>src\Entity\Bullets</Filter>
    </ClInclude>
    <ClInclude Include="..\Classes\Shovel.h">
      <Filter>src\Entity\Plants</Filter>
    </ClInclude>
    <ClInclude Include="..\Classes\Lotus.h">
      <Filter>src\Entity\Plants</Filter>
    </ClInclude>
  </ItemGroup>
  <ItemGroup>
    <ResourceCompile Include="game.rc">
      <Filter>resource</Filter>
    </ResourceCompile>
  </ItemGroup>
  <ItemGroup>
    <Image Include="..\..\..\..\..\Desktop\peaShooter.png">
      <Filter>resource</Filter>
    </Image>
    <Image Include="..\..\..\..\..\Desktop\peaBullet.png">
      <Filter>resource</Filter>
    </Image>
  </ItemGroup>
</Project>